// !$*UTF8*$!
{
	archiveVersion = 1;
	classes = {
	};
	objectVersion = 46;
	objects = {

/* Begin PBXBuildFile section */
		092744C91C5B58FA0084596A /* AppDelegate.swift in Sources */ = {isa = PBXBuildFile; fileRef = 092744C81C5B58FA0084596A /* AppDelegate.swift */; };
		092744CB1C5B58FA0084596A /* ViewController.swift in Sources */ = {isa = PBXBuildFile; fileRef = 092744CA1C5B58FA0084596A /* ViewController.swift */; };
		092744CE1C5B58FA0084596A /* Main.storyboard in Resources */ = {isa = PBXBuildFile; fileRef = 092744CC1C5B58FA0084596A /* Main.storyboard */; };
		092744D11C5B58FA0084596A /* App_MVC_Complete.xcdatamodeld in Sources */ = {isa = PBXBuildFile; fileRef = 092744CF1C5B58FA0084596A /* App_MVC_Complete.xcdatamodeld */; };
		092744D31C5B58FA0084596A /* Assets.xcassets in Resources */ = {isa = PBXBuildFile; fileRef = 092744D21C5B58FA0084596A /* Assets.xcassets */; };
		092744D61C5B58FA0084596A /* LaunchScreen.storyboard in Resources */ = {isa = PBXBuildFile; fileRef = 092744D41C5B58FA0084596A /* LaunchScreen.storyboard */; };
		092744DE1C5B5D650084596A /* ICOAlbumModel.swift in Sources */ = {isa = PBXBuildFile; fileRef = 092744DD1C5B5D650084596A /* ICOAlbumModel.swift */; };
		092744E01C5B5DA10084596A /* NOTASDESARROLLO.swift in Sources */ = {isa = PBXBuildFile; fileRef = 092744DF1C5B5DA10084596A /* NOTASDESARROLLO.swift */; };
		092744E41C5B61D60084596A /* ICOAlbumView.swift in Sources */ = {isa = PBXBuildFile; fileRef = 092744E31C5B61D60084596A /* ICOAlbumView.swift */; };
		092744E81C5B72FA0084596A /* ICOLibraryAPI.swift in Sources */ = {isa = PBXBuildFile; fileRef = 092744E71C5B72FA0084596A /* ICOLibraryAPI.swift */; };
		092744EA1C5B74CB0084596A /* ICOPersistencyManager.swift in Sources */ = {isa = PBXBuildFile; fileRef = 092744E91C5B74CB0084596A /* ICOPersistencyManager.swift */; };
		09D70E8B1C61EE2B0026408C /* ICOHorizontalScroller.swift in Sources */ = {isa = PBXBuildFile; fileRef = 09D70E8A1C61EE2B0026408C /* ICOHorizontalScroller.swift */; };
		0A6B08AD1C5F4C0A00C9F861 /* ICOHTTPClient.swift in Sources */ = {isa = PBXBuildFile; fileRef = 0A6B08AC1C5F4C0A00C9F861 /* ICOHTTPClient.swift */; };
		0A6B08AF1C5F5B2400C9F861 /* ICOExtensionAlbumModel.swift in Sources */ = {isa = PBXBuildFile; fileRef = 0A6B08AE1C5F5B2400C9F861 /* ICOExtensionAlbumModel.swift */; };
/* End PBXBuildFile section */

/* Begin PBXFileReference section */
		092744C51C5B58FA0084596A /* App_MVC_Complete.app */ = {isa = PBXFileReference; explicitFileType = wrapper.application; includeInIndex = 0; path = App_MVC_Complete.app; sourceTree = BUILT_PRODUCTS_DIR; };
		092744C81C5B58FA0084596A /* AppDelegate.swift */ = {isa = PBXFileReference; lastKnownFileType = sourcecode.swift; path = AppDelegate.swift; sourceTree = "<group>"; };
		092744CA1C5B58FA0084596A /* ViewController.swift */ = {isa = PBXFileReference; lastKnownFileType = sourcecode.swift; path = ViewController.swift; sourceTree = "<group>"; };
		092744CD1C5B58FA0084596A /* Base */ = {isa = PBXFileReference; lastKnownFileType = file.storyboard; name = Base; path = Base.lproj/Main.storyboard; sourceTree = "<group>"; };
		092744D01C5B58FA0084596A /* App_MVC_Complete.xcdatamodel */ = {isa = PBXFileReference; lastKnownFileType = wrapper.xcdatamodel; path = App_MVC_Complete.xcdatamodel; sourceTree = "<group>"; };
		092744D21C5B58FA0084596A /* Assets.xcassets */ = {isa = PBXFileReference; lastKnownFileType = folder.assetcatalog; path = Assets.xcassets; sourceTree = "<group>"; };
		092744D51C5B58FA0084596A /* Base */ = {isa = PBXFileReference; lastKnownFileType = file.storyboard; name = Base; path = Base.lproj/LaunchScreen.storyboard; sourceTree = "<group>"; };
		092744D71C5B58FA0084596A /* Info.plist */ = {isa = PBXFileReference; lastKnownFileType = text.plist.xml; path = Info.plist; sourceTree = "<group>"; };
		092744DD1C5B5D650084596A /* ICOAlbumModel.swift */ = {isa = PBXFileReference; fileEncoding = 4; lastKnownFileType = sourcecode.swift; path = ICOAlbumModel.swift; sourceTree = "<group>"; };
		092744DF1C5B5DA10084596A /* NOTASDESARROLLO.swift */ = {isa = PBXFileReference; fileEncoding = 4; lastKnownFileType = sourcecode.swift; path = NOTASDESARROLLO.swift; sourceTree = "<group>"; };
		092744E31C5B61D60084596A /* ICOAlbumView.swift */ = {isa = PBXFileReference; fileEncoding = 4; lastKnownFileType = sourcecode.swift; path = ICOAlbumView.swift; sourceTree = "<group>"; };
		092744E71C5B72FA0084596A /* ICOLibraryAPI.swift */ = {isa = PBXFileReference; fileEncoding = 4; lastKnownFileType = sourcecode.swift; path = ICOLibraryAPI.swift; sourceTree = "<group>"; };
		092744E91C5B74CB0084596A /* ICOPersistencyManager.swift */ = {isa = PBXFileReference; fileEncoding = 4; lastKnownFileType = sourcecode.swift; path = ICOPersistencyManager.swift; sourceTree = "<group>"; };
		09D70E8A1C61EE2B0026408C /* ICOHorizontalScroller.swift */ = {isa = PBXFileReference; fileEncoding = 4; lastKnownFileType = sourcecode.swift; name = ICOHorizontalScroller.swift; path = ../ICOHorizontalScroller.swift; sourceTree = "<group>"; };
		0A6B08AC1C5F4C0A00C9F861 /* ICOHTTPClient.swift */ = {isa = PBXFileReference; fileEncoding = 4; lastKnownFileType = sourcecode.swift; path = ICOHTTPClient.swift; sourceTree = "<group>"; };
		0A6B08AE1C5F5B2400C9F861 /* ICOExtensionAlbumModel.swift */ = {isa = PBXFileReference; fileEncoding = 4; lastKnownFileType = sourcecode.swift; path = ICOExtensionAlbumModel.swift; sourceTree = "<group>"; };
/* End PBXFileReference section */

/* Begin PBXFrameworksBuildPhase section */
		092744C21C5B58FA0084596A /* Frameworks */ = {
			isa = PBXFrameworksBuildPhase;
			buildActionMask = 2147483647;
			files = (
			);
			runOnlyForDeploymentPostprocessing = 0;
		};
/* End PBXFrameworksBuildPhase section */

/* Begin PBXGroup section */
		092744BC1C5B58FA0084596A = {
			isa = PBXGroup;
			children = (
				092744C71C5B58FA0084596A /* App_MVC_Complete */,
				092744C61C5B58FA0084596A /* Products */,
			);
			sourceTree = "<group>";
		};
		092744C61C5B58FA0084596A /* Products */ = {
			isa = PBXGroup;
			children = (
				092744C51C5B58FA0084596A /* App_MVC_Complete.app */,
			);
			name = Products;
			sourceTree = "<group>";
		};
		092744C71C5B58FA0084596A /* App_MVC_Complete */ = {
			isa = PBXGroup;
			children = (
				092744C81C5B58FA0084596A /* AppDelegate.swift */,
				092744E61C5B724D0084596A /* API */,
				092744E51C5B6E460084596A /* VIEW */,
				092744E11C5B61790084596A /* CONTROLLER */,
				092744CC1C5B58FA0084596A /* Main.storyboard */,
				092744E21C5B618C0084596A /* MODEL */,
				092744DF1C5B5DA10084596A /* NOTASDESARROLLO.swift */,
				092744D21C5B58FA0084596A /* Assets.xcassets */,
				092744D41C5B58FA0084596A /* LaunchScreen.storyboard */,
				092744D71C5B58FA0084596A /* Info.plist */,
				092744CF1C5B58FA0084596A /* App_MVC_Complete.xcdatamodeld */,
			);
			path = App_MVC_Complete;
			sourceTree = "<group>";
		};
		092744E11C5B61790084596A /* CONTROLLER */ = {
			isa = PBXGroup;
			children = (
				092744CA1C5B58FA0084596A /* ViewController.swift */,
			);
			name = CONTROLLER;
			sourceTree = "<group>";
		};
		092744E21C5B618C0084596A /* MODEL */ = {
			isa = PBXGroup;
			children = (
				0A6B08AE1C5F5B2400C9F861 /* ICOExtensionAlbumModel.swift */,
				092744DD1C5B5D650084596A /* ICOAlbumModel.swift */,
			);
			name = MODEL;
			sourceTree = "<group>";
		};
		092744E51C5B6E460084596A /* VIEW */ = {
			isa = PBXGroup;
			children = (
				09D70E8A1C61EE2B0026408C /* ICOHorizontalScroller.swift */,
				092744E31C5B61D60084596A /* ICOAlbumView.swift */,
			);
			name = VIEW;
			sourceTree = "<group>";
		};
		092744E61C5B724D0084596A /* API */ = {
			isa = PBXGroup;
			children = (
				092744E71C5B72FA0084596A /* ICOLibraryAPI.swift */,
				0A6B08AC1C5F4C0A00C9F861 /* ICOHTTPClient.swift */,
				092744E91C5B74CB0084596A /* ICOPersistencyManager.swift */,
			);
			name = API;
			sourceTree = "<group>";
		};
/* End PBXGroup section */

/* Begin PBXNativeTarget section */
		092744C41C5B58FA0084596A /* App_MVC_Complete */ = {
			isa = PBXNativeTarget;
			buildConfigurationList = 092744DA1C5B58FA0084596A /* Build configuration list for PBXNativeTarget "App_MVC_Complete" */;
			buildPhases = (
				092744C11C5B58FA0084596A /* Sources */,
				092744C21C5B58FA0084596A /* Frameworks */,
				092744C31C5B58FA0084596A /* Resources */,
			);
			buildRules = (
			);
			dependencies = (
			);
			name = App_MVC_Complete;
			productName = App_MVC_Complete;
			productReference = 092744C51C5B58FA0084596A /* App_MVC_Complete.app */;
			productType = "com.apple.product-type.application";
		};
/* End PBXNativeTarget section */

/* Begin PBXProject section */
		092744BD1C5B58FA0084596A /* Project object */ = {
			isa = PBXProject;
			attributes = {
				LastSwiftUpdateCheck = 0720;
				LastUpgradeCheck = 0720;
				ORGANIZATIONNAME = djb;
				TargetAttributes = {
					092744C41C5B58FA0084596A = {
						CreatedOnToolsVersion = 7.2;
					};
				};
			};
			buildConfigurationList = 092744C01C5B58FA0084596A /* Build configuration list for PBXProject "App_MVC_Complete" */;
			compatibilityVersion = "Xcode 3.2";
			developmentRegion = English;
			hasScannedForEncodings = 0;
			knownRegions = (
				en,
				Base,
			);
			mainGroup = 092744BC1C5B58FA0084596A;
			productRefGroup = 092744C61C5B58FA0084596A /* Products */;
			projectDirPath = "";
			projectRoot = "";
			targets = (
				092744C41C5B58FA0084596A /* App_MVC_Complete */,
			);
		};
/* End PBXProject section */

/* Begin PBXResourcesBuildPhase section */
		092744C31C5B58FA0084596A /* Resources */ = {
			isa = PBXResourcesBuildPhase;
			buildActionMask = 2147483647;
			files = (
				092744D61C5B58FA0084596A /* LaunchScreen.storyboard in Resources */,
				092744D31C5B58FA0084596A /* Assets.xcassets in Resources */,
				092744CE1C5B58FA0084596A /* Main.storyboard in Resources */,
			);
			runOnlyForDeploymentPostprocessing = 0;
		};
/* End PBXResourcesBuildPhase section */

/* Begin PBXSourcesBuildPhase section */
		092744C11C5B58FA0084596A /* Sources */ = {
			isa = PBXSourcesBuildPhase;
			buildActionMask = 2147483647;
			files = (
				092744D11C5B58FA0084596A /* App_MVC_Complete.xcdatamodeld in Sources */,
				092744CB1C5B58FA0084596A /* ViewController.swift in Sources */,
				092744E41C5B61D60084596A /* ICOAlbumView.swift in Sources */,
				0A6B08AF1C5F5B2400C9F861 /* ICOExtensionAlbumModel.swift in Sources */,
				092744E81C5B72FA0084596A /* ICOLibraryAPI.swift in Sources */,
				092744C91C5B58FA0084596A /* AppDelegate.swift in Sources */,
				0A6B08AD1C5F4C0A00C9F861 /* ICOHTTPClient.swift in Sources */,
				092744EA1C5B74CB0084596A /* ICOPersistencyManager.swift in Sources */,
				09D70E8B1C61EE2B0026408C /* ICOHorizontalScroller.swift in Sources */,
				092744E01C5B5DA10084596A /* NOTASDESARROLLO.swift in Sources */,
				092744DE1C5B5D650084596A /* ICOAlbumModel.swift in Sources */,
			);
			runOnlyForDeploymentPostprocessing = 0;
		};
/* End PBXSourcesBuildPhase section */

/* Begin PBXVariantGroup section */
		092744CC1C5B58FA0084596A /* Main.storyboard */ = {
			isa = PBXVariantGroup;
			children = (
				092744CD1C5B58FA0084596A /* Base */,
			);
			name = Main.storyboard;
			sourceTree = "<group>";
		};
		092744D41C5B58FA0084596A /* LaunchScreen.storyboard */ = {
			isa = PBXVariantGroup;
			children = (
				092744D51C5B58FA0084596A /* Base */,
			);
			name = LaunchScreen.storyboard;
			sourceTree = "<group>";
		};
/* End PBXVariantGroup section */

/* Begin XCBuildConfiguration section */
		092744D81C5B58FA0084596A /* Debug */ = {
			isa = XCBuildConfiguration;
			buildSettings = {
				ALWAYS_SEARCH_USER_PATHS = NO;
				CLANG_CXX_LANGUAGE_STANDARD = "gnu++0x";
				CLANG_CXX_LIBRARY = "libc++";
				CLANG_ENABLE_MODULES = YES;
				CLANG_ENABLE_OBJC_ARC = YES;
				CLANG_WARN_BOOL_CONVERSION = YES;
				CLANG_WARN_CONSTANT_CONVERSION = YES;
				CLANG_WARN_DIRECT_OBJC_ISA_USAGE = YES_ERROR;
				CLANG_WARN_EMPTY_BODY = YES;
				CLANG_WARN_ENUM_CONVERSION = YES;
				CLANG_WARN_INT_CONVERSION = YES;
				CLANG_WARN_OBJC_ROOT_CLASS = YES_ERROR;
				CLANG_WARN_UNREACHABLE_CODE = YES;
				CLANG_WARN__DUPLICATE_METHOD_MATCH = YES;
				"CODE_SIGN_IDENTITY[sdk=iphoneos*]" = "iPhone Developer";
				COPY_PHASE_STRIP = NO;
				DEBUG_INFORMATION_FORMAT = dwarf;
				ENABLE_STRICT_OBJC_MSGSEND = YES;
				ENABLE_TESTABILITY = YES;
				GCC_C_LANGUAGE_STANDARD = gnu99;
				GCC_DYNAMIC_NO_PIC = NO;
				GCC_NO_COMMON_BLOCKS = YES;
				GCC_OPTIMIZATION_LEVEL = 0;
				GCC_PREPROCESSOR_DEFINITIONS = (
					"DEBUG=1",
					"$(inherited)",
				);
				GCC_WARN_64_TO_32_BIT_CONVERSION = YES;
				GCC_WARN_ABOUT_RETURN_TYPE = YES_ERROR;
				GCC_WARN_UNDECLARED_SELECTOR = YES;
				GCC_WARN_UNINITIALIZED_AUTOS = YES_AGGRESSIVE;
				GCC_WARN_UNUSED_FUNCTION = YES;
				GCC_WARN_UNUSED_VARIABLE = YES;
				IPHONEOS_DEPLOYMENT_TARGET = 9.2;
				MTL_ENABLE_DEBUG_INFO = YES;
				ONLY_ACTIVE_ARCH = YES;
				SDKROOT = iphoneos;
				SWIFT_OPTIMIZATION_LEVEL = "-Onone";
			};
			name = Debug;
		};
		092744D91C5B58FA0084596A /* Release */ = {
			isa = XCBuildConfiguration;
			buildSettings = {
				ALWAYS_SEARCH_USER_PATHS = NO;
				CLANG_CXX_LANGUAGE_STANDARD = "gnu++0x";
				CLANG_CXX_LIBRARY = "libc++";
				CLANG_ENABLE_MODULES = YES;
				CLANG_ENABLE_OBJC_ARC = YES;
				CLANG_WARN_BOOL_CONVERSION = YES;
				CLANG_WARN_CONSTANT_CONVERSION = YES;
				CLANG_WARN_DIRECT_OBJC_ISA_USAGE = YES_ERROR;
				CLANG_WARN_EMPTY_BODY = YES;
				CLANG_WARN_ENUM_CONVERSION = YES;
				CLANG_WARN_INT_CONVERSION = YES;
				CLANG_WARN_OBJC_ROOT_CLASS = YES_ERROR;
				CLANG_WARN_UNREACHABLE_CODE = YES;
				CLANG_WARN__DUPLICATE_METHOD_MATCH = YES;
				"CODE_SIGN_IDENTITY[sdk=iphoneos*]" = "iPhone Developer";
				COPY_PHASE_STRIP = NO;
				DEBUG_INFORMATION_FORMAT = "dwarf-with-dsym";
				ENABLE_NS_ASSERTIONS = NO;
				ENABLE_STRICT_OBJC_MSGSEND = YES;
				GCC_C_LANGUAGE_STANDARD = gnu99;
				GCC_NO_COMMON_BLOCKS = YES;
				GCC_WARN_64_TO_32_BIT_CONVERSION = YES;
				GCC_WARN_ABOUT_RETURN_TYPE = YES_ERROR;
				GCC_WARN_UNDECLARED_SELECTOR = YES;
				GCC_WARN_UNINITIALIZED_AUTOS = YES_AGGRESSIVE;
				GCC_WARN_UNUSED_FUNCTION = YES;
				GCC_WARN_UNUSED_VARIABLE = YES;
				IPHONEOS_DEPLOYMENT_TARGET = 9.2;
				MTL_ENABLE_DEBUG_INFO = NO;
				SDKROOT = iphoneos;
				VALIDATE_PRODUCT = YES;
			};
			name = Release;
		};
		092744DB1C5B58FA0084596A /* Debug */ = {
			isa = XCBuildConfiguration;
			buildSettings = {
				ASSETCATALOG_COMPILER_APPICON_NAME = AppIcon;
				INFOPLIST_FILE = App_MVC_Complete/Info.plist;
				LD_RUNPATH_SEARCH_PATHS = "$(inherited) @executable_path/Frameworks";
				PRODUCT_BUNDLE_IDENTIFIER = "es.djb.App-MVC-Complete";
				PRODUCT_NAME = "$(TARGET_NAME)";
			};
			name = Debug;
		};
		092744DC1C5B58FA0084596A /* Release */ = {
			isa = XCBuildConfiguration;
			buildSettings = {
				ASSETCATALOG_COMPILER_APPICON_NAME = AppIcon;
				INFOPLIST_FILE = App_MVC_Complete/Info.plist;
				LD_RUNPATH_SEARCH_PATHS = "$(inherited) @executable_path/Frameworks";
				PRODUCT_BUNDLE_IDENTIFIER = "es.djb.App-MVC-Complete";
				PRODUCT_NAME = "$(TARGET_NAME)";
			};
			name = Release;
		};
/* End XCBuildConfiguration section */

/* Begin XCConfigurationList section */
		092744C01C5B58FA0084596A /* Build configuration list for PBXProject "App_MVC_Complete" */ = {
			isa = XCConfigurationList;
			buildConfigurations = (
				092744D81C5B58FA0084596A /* Debug */,
				092744D91C5B58FA0084596A /* Release */,
			);
			defaultConfigurationIsVisible = 0;
			defaultConfigurationName = Release;
		};
		092744DA1C5B58FA0084596A /* Build configuration list for PBXNativeTarget "App_MVC_Complete" */ = {
			isa = XCConfigurationList;
			buildConfigurations = (
				092744DB1C5B58FA0084596A /* Debug */,
				092744DC1C5B58FA0084596A /* Release */,
			);
			defaultConfigurationIsVisible = 0;
			defaultConfigurationName = Release;
		};
/* End XCConfigurationList section */

/* Begin XCVersionGroup section */
		092744CF1C5B58FA0084596A /* App_MVC_Complete.xcdatamodeld */ = {
			isa = XCVersionGroup;
			children = (
				092744D01C5B58FA0084596A /* App_MVC_Complete.xcdatamodel */,
			);
			currentVersion = 092744D01C5B58FA0084596A /* App_MVC_Complete.xcdatamodel */;
			path = App_MVC_Complete.xcdatamodeld;
			sourceTree = "<group>";
			versionGroupType = wrapper.xcdatamodel;
		};
/* End XCVersionGroup section */
	};
	rootObject = 092744BD1C5B58FA0084596A /* Project object */;
}
